
Microsoft Visual Studio Solution File, Format Version 12.00
# Visual Studio Version 17
VisualStudioVersion = 17.4.33213.308
MinimumVisualStudioVersion = 15.0.26124.0
Project("{9A19103F-16F7-4668-BE54-9A1E7A4F7556}") = "TalentConsulting.TalentSuite.Shared.UI", "TalentConsulting.TalentSuite.Shared.UI\TalentConsulting.TalentSuite.Shared.UI.csproj", "{06DC4DB3-0AC8-4D8E-AF5D-71E3292F3D5D}"
EndProject
Project("{9A19103F-16F7-4668-BE54-9A1E7A4F7556}") = "example-website", "example-website\example-website.csproj", "{0D96E549-34DF-45B7-85D9-B0B9C50114F0}"
EndProject
Global
	GlobalSection(SolutionConfigurationPlatforms) = preSolution
		Debug|Any CPU = Debug|Any CPU
		Debug|x64 = Debug|x64
		Debug|x86 = Debug|x86
		Release|Any CPU = Release|Any CPU
		Release|x64 = Release|x64
		Release|x86 = Release|x86
	EndGlobalSection
	GlobalSection(ProjectConfigurationPlatforms) = postSolution
		{06DC4DB3-0AC8-4D8E-AF5D-71E3292F3D5D}.Debug|Any CPU.ActiveCfg = Debug|Any CPU
		{06DC4DB3-0AC8-4D8E-AF5D-71E3292F3D5D}.Debug|Any CPU.Build.0 = Debug|Any CPU
		{06DC4DB3-0AC8-4D8E-AF5D-71E3292F3D5D}.Debug|x64.ActiveCfg = Debug|Any CPU
		{06DC4DB3-0AC8-4D8E-AF5D-71E3292F3D5D}.Debug|x64.Build.0 = Debug|Any CPU
		{06DC4DB3-0AC8-4D8E-AF5D-71E3292F3D5D}.Debug|x86.ActiveCfg = Debug|Any CPU
		{06DC4DB3-0AC8-4D8E-AF5D-71E3292F3D5D}.Debug|x86.Build.0 = Debug|Any CPU
		{06DC4DB3-0AC8-4D8E-AF5D-71E3292F3D5D}.Release|Any CPU.ActiveCfg = Release|Any CPU
		{06DC4DB3-0AC8-4D8E-AF5D-71E3292F3D5D}.Release|Any CPU.Build.0 = Release|Any CPU
		{06DC4DB3-0AC8-4D8E-AF5D-71E3292F3D5D}.Release|x64.ActiveCfg = Release|Any CPU
		{06DC4DB3-0AC8-4D8E-AF5D-71E3292F3D5D}.Release|x64.Build.0 = Release|Any CPU
		{06DC4DB3-0AC8-4D8E-AF5D-71E3292F3D5D}.Release|x86.ActiveCfg = Release|Any CPU
		{06DC4DB3-0AC8-4D8E-AF5D-71E3292F3D5D}.Release|x86.Build.0 = Release|Any CPU
		{0D96E549-34DF-45B7-85D9-B0B9C50114F0}.Debug|Any CPU.ActiveCfg = Debug|Any CPU
		{0D96E549-34DF-45B7-85D9-B0B9C50114F0}.Debug|Any CPU.Build.0 = Debug|Any CPU
		{0D96E549-34DF-45B7-85D9-B0B9C50114F0}.Debug|x64.ActiveCfg = Debug|Any CPU
		{0D96E549-34DF-45B7-85D9-B0B9C50114F0}.Debug|x64.Build.0 = Debug|Any CPU
		{0D96E549-34DF-45B7-85D9-B0B9C50114F0}.Debug|x86.ActiveCfg = Debug|Any CPU
		{0D96E549-34DF-45B7-85D9-B0B9C50114F0}.Debug|x86.Build.0 = Debug|Any CPU
		{0D96E549-34DF-45B7-85D9-B0B9C50114F0}.Release|Any CPU.ActiveCfg = Release|Any CPU
		{0D96E549-34DF-45B7-85D9-B0B9C50114F0}.Release|Any CPU.Build.0 = Release|Any CPU
		{0D96E549-34DF-45B7-85D9-B0B9C50114F0}.Release|x64.ActiveCfg = Release|Any CPU
		{0D96E549-34DF-45B7-85D9-B0B9C50114F0}.Release|x64.Build.0 = Release|Any CPU
		{0D96E549-34DF-45B7-85D9-B0B9C50114F0}.Release|x86.ActiveCfg = Release|Any CPU
		{0D96E549-34DF-45B7-85D9-B0B9C50114F0}.Release|x86.Build.0 = Release|Any CPU
	EndGlobalSection
	GlobalSection(SolutionProperties) = preSolution
		HideSolutionNode = FALSE
	EndGlobalSection
	GlobalSection(ExtensibilityGlobals) = postSolution
		SolutionGuid = {4B5B47C9-5BA1-4AC6-9184-CD7EC480B9FB}
	EndGlobalSection
EndGlobal
