
Microsoft Visual Studio Solution File, Format Version 12.00
# Visual Studio Version 17
VisualStudioVersion = 17.4.33213.308
MinimumVisualStudioVersion = 10.0.40219.1
Project("{FAE04EC0-301F-11D3-BF4B-00C04F79EFBC}") = "TalentConsulting.TalentSuite.ApiHelpers", "TalentConsulting.TalentSuite.ApiHelpers\TalentConsulting.TalentSuite.ApiHelpers.csproj", "{6BB69BE4-883F-47BA-9B2B-E53BA85ACF7B}"
EndProject
Global
	GlobalSection(SolutionConfigurationPlatforms) = preSolution
		Debug|Any CPU = Debug|Any CPU
		Release|Any CPU = Release|Any CPU
	EndGlobalSection
	GlobalSection(ProjectConfigurationPlatforms) = postSolution
		{6BB69BE4-883F-47BA-9B2B-E53BA85ACF7B}.Debug|Any CPU.ActiveCfg = Debug|Any CPU
		{6BB69BE4-883F-47BA-9B2B-E53BA85ACF7B}.Debug|Any CPU.Build.0 = Debug|Any CPU
		{6BB69BE4-883F-47BA-9B2B-E53BA85ACF7B}.Release|Any CPU.ActiveCfg = Release|Any CPU
		{6BB69BE4-883F-47BA-9B2B-E53BA85ACF7B}.Release|Any CPU.Build.0 = Release|Any CPU
	EndGlobalSection
	GlobalSection(SolutionProperties) = preSolution
		HideSolutionNode = FALSE
	EndGlobalSection
	GlobalSection(ExtensibilityGlobals) = postSolution
		SolutionGuid = {3DB1A100-6D4D-42A3-8271-0445C0261B42}
	EndGlobalSection
EndGlobal
